Microsoft Visual Studio Solution File, Format Version 12.00
# Visual Studio Version 17
VisualStudioVersion = 17.5.2.0
MinimumVisualStudioVersion = 10.0.40219.1
Project("{FAE04EC0-301F-11D3-BF4B-00C04F79EFBC}") = "APIAcademia", "APIAcademia.csproj", "{F28AE963-1588-B0BD-5A01-6901994D6ECD}"
EndProject
Global
	GlobalSection(SolutionConfigurationPlatforms) = preSolution
		Debug|Any CPU = Debug|Any CPU
		Release|Any CPU = Release|Any CPU
	EndGlobalSection
	GlobalSection(ProjectConfigurationPlatforms) = postSolution
		{F28AE963-1588-B0BD-5A01-6901994D6ECD}.Debug|Any CPU.ActiveCfg = Debug|Any CPU
		{F28AE963-1588-B0BD-5A01-6901994D6ECD}.Debug|Any CPU.Build.0 = Debug|Any CPU
		{F28AE963-1588-B0BD-5A01-6901994D6ECD}.Release|Any CPU.ActiveCfg = Release|Any CPU
		{F28AE963-1588-B0BD-5A01-6901994D6ECD}.Release|Any CPU.Build.0 = Release|Any CPU
	EndGlobalSection
	GlobalSection(SolutionProperties) = preSolution
		HideSolutionNode = FALSE
	EndGlobalSection
	GlobalSection(ExtensibilityGlobals) = postSolution
		SolutionGuid = {5566BFF6-6662-4C3F-B7A6-932FDBB46702}
	EndGlobalSection
EndGlobal
